
Microsoft Visual Studio Solution File, Format Version 12.00
# Visual Studio Version 16
VisualStudioVersion = 16.0.31624.102
MinimumVisualStudioVersion = 10.0.40219.1
Project("{FAE04EC0-301F-11D3-BF4B-00C04F79EFBC}") = "Clicker", "Clicker\Clicker.csproj", "{A8DF1E60-3088-4DD8-B917-B1881645A908}"
EndProject
Global
	GlobalSection(SolutionConfigurationPlatforms) = preSolution
		Debug|Any CPU = Debug|Any CPU
		Release|Any CPU = Release|Any CPU
	EndGlobalSection
	GlobalSection(ProjectConfigurationPlatforms) = postSolution
		{A8DF1E60-3088-4DD8-B917-B1881645A908}.Debug|Any CPU.ActiveCfg = Debug|Any CPU
		{A8DF1E60-3088-4DD8-B917-B1881645A908}.Debug|Any CPU.Build.0 = Debug|Any CPU
		{A8DF1E60-3088-4DD8-B917-B1881645A908}.Release|Any CPU.ActiveCfg = Release|Any CPU
		{A8DF1E60-3088-4DD8-B917-B1881645A908}.Release|Any CPU.Build.0 = Release|Any CPU
	EndGlobalSection
	GlobalSection(SolutionProperties) = preSolution
		HideSolutionNode = FALSE
	EndGlobalSection
	GlobalSection(ExtensibilityGlobals) = postSolution
		SolutionGuid = {C65E3C77-D444-4C64-9B1F-90355C2AB5D8}
	EndGlobalSection
EndGlobal
